// !$*UTF8*$!
{
	archiveVersion = 1;
	classes = {
	};
	objectVersion = 50;
	objects = {

/* Begin PBXBuildFile section */
		3DEAE8E9F1C7E89FF9142566 /* Pods_smack.framework in Frameworks */ = {isa = PBXBuildFile; fileRef = 952A25FB84F5D734BF986369 /* Pods_smack.framework */; };
		C418E485210279A9003910DC /* Constants.swift in Sources */ = {isa = PBXBuildFile; fileRef = C418E484210279A9003910DC /* Constants.swift */; };
		C418E48721027DA6003910DC /* LoginVC.swift in Sources */ = {isa = PBXBuildFile; fileRef = C418E48621027DA6003910DC /* LoginVC.swift */; };
		C418E4892102830E003910DC /* CreateAccountVC.swift in Sources */ = {isa = PBXBuildFile; fileRef = C418E4882102830E003910DC /* CreateAccountVC.swift */; };
		C418E48F21036407003910DC /* AuthService.swift in Sources */ = {isa = PBXBuildFile; fileRef = C418E48E21036407003910DC /* AuthService.swift */; };
		C418E491210370E0003910DC /* RoundedButton.swift in Sources */ = {isa = PBXBuildFile; fileRef = C418E490210370E0003910DC /* RoundedButton.swift */; };
		C41BA73121068EF000F42639 /* UserDataService.swift in Sources */ = {isa = PBXBuildFile; fileRef = C41BA73021068EF000F42639 /* UserDataService.swift */; };
		C4CBD2042100021400085A22 /* AppDelegate.swift in Sources */ = {isa = PBXBuildFile; fileRef = C4CBD2032100021400085A22 /* AppDelegate.swift */; };
		C4CBD2092100021400085A22 /* Main.storyboard in Resources */ = {isa = PBXBuildFile; fileRef = C4CBD2072100021400085A22 /* Main.storyboard */; };
		C4CBD20B2100021600085A22 /* Assets.xcassets in Resources */ = {isa = PBXBuildFile; fileRef = C4CBD20A2100021600085A22 /* Assets.xcassets */; };
		C4CBD20E2100021600085A22 /* LaunchScreen.storyboard in Resources */ = {isa = PBXBuildFile; fileRef = C4CBD20C2100021600085A22 /* LaunchScreen.storyboard */; };
		C4CBD21A2100122200085A22 /* SWRevealViewController.m in Sources */ = {isa = PBXBuildFile; fileRef = C4CBD2192100122200085A22 /* SWRevealViewController.m */; };
		C4CBD220210027E700085A22 /* ChatVC.swift in Sources */ = {isa = PBXBuildFile; fileRef = C4CBD21F210027E700085A22 /* ChatVC.swift */; };
		C4CBD222210027FA00085A22 /* ChannelVC.swift in Sources */ = {isa = PBXBuildFile; fileRef = C4CBD221210027FA00085A22 /* ChannelVC.swift */; };
		C4CBD22421012A6200085A22 /* GradientView.swift in Sources */ = {isa = PBXBuildFile; fileRef = C4CBD22321012A6200085A22 /* GradientView.swift */; };
/* End PBXBuildFile section */

/* Begin PBXFileReference section */
		87C482B2A5E7A0E73EBC024A /* Pods-smack.release.xcconfig */ = {isa = PBXFileReference; includeInIndex = 1; lastKnownFileType = text.xcconfig; name = "Pods-smack.release.xcconfig"; path = "Pods/Target Support Files/Pods-smack/Pods-smack.release.xcconfig"; sourceTree = "<group>"; };
		952A25FB84F5D734BF986369 /* Pods_smack.framework */ = {isa = PBXFileReference; explicitFileType = wrapper.framework; includeInIndex = 0; path = Pods_smack.framework; sourceTree = BUILT_PRODUCTS_DIR; };
		B7D5D450A852856080ECC924 /* Pods-smack.debug.xcconfig */ = {isa = PBXFileReference; includeInIndex = 1; lastKnownFileType = text.xcconfig; name = "Pods-smack.debug.xcconfig"; path = "Pods/Target Support Files/Pods-smack/Pods-smack.debug.xcconfig"; sourceTree = "<group>"; };
		C418E484210279A9003910DC /* Constants.swift */ = {isa = PBXFileReference; lastKnownFileType = sourcecode.swift; path = Constants.swift; sourceTree = "<group>"; };
		C418E48621027DA6003910DC /* LoginVC.swift */ = {isa = PBXFileReference; lastKnownFileType = sourcecode.swift; path = LoginVC.swift; sourceTree = "<group>"; };
		C418E4882102830E003910DC /* CreateAccountVC.swift */ = {isa = PBXFileReference; lastKnownFileType = sourcecode.swift; path = CreateAccountVC.swift; sourceTree = "<group>"; };
		C418E48E21036407003910DC /* AuthService.swift */ = {isa = PBXFileReference; lastKnownFileType = sourcecode.swift; path = AuthService.swift; sourceTree = "<group>"; };
		C418E490210370E0003910DC /* RoundedButton.swift */ = {isa = PBXFileReference; lastKnownFileType = sourcecode.swift; path = RoundedButton.swift; sourceTree = "<group>"; };
		C41BA73021068EF000F42639 /* UserDataService.swift */ = {isa = PBXFileReference; lastKnownFileType = sourcecode.swift; path = UserDataService.swift; sourceTree = "<group>"; };
		C4CBD2002100021400085A22 /* smack.app */ = {isa = PBXFileReference; explicitFileType = wrapper.application; includeInIndex = 0; path = smack.app; sourceTree = BUILT_PRODUCTS_DIR; };
		C4CBD2032100021400085A22 /* AppDelegate.swift */ = {isa = PBXFileReference; lastKnownFileType = sourcecode.swift; path = AppDelegate.swift; sourceTree = "<group>"; };
		C4CBD2082100021400085A22 /* Base */ = {isa = PBXFileReference; lastKnownFileType = file.storyboard; name = Base; path = Base.lproj/Main.storyboard; sourceTree = "<group>"; };
		C4CBD20A2100021600085A22 /* Assets.xcassets */ = {isa = PBXFileReference; lastKnownFileType = folder.assetcatalog; path = Assets.xcassets; sourceTree = "<group>"; };
		C4CBD20D2100021600085A22 /* Base */ = {isa = PBXFileReference; lastKnownFileType = file.storyboard; name = Base; path = Base.lproj/LaunchScreen.storyboard; sourceTree = "<group>"; };
		C4CBD20F2100021600085A22 /* Info.plist */ = {isa = PBXFileReference; lastKnownFileType = text.plist.xml; path = Info.plist; sourceTree = "<group>"; };
		C4CBD2172100122000085A22 /* smack-Bridging-Header.h */ = {isa = PBXFileReference; lastKnownFileType = sourcecode.c.h; path = "smack-Bridging-Header.h"; sourceTree = "<group>"; };
		C4CBD2182100122100085A22 /* SWRevealViewController.h */ = {isa = PBXFileReference; fileEncoding = 4; lastKnownFileType = sourcecode.c.h; path = SWRevealViewController.h; sourceTree = "<group>"; };
		C4CBD2192100122200085A22 /* SWRevealViewController.m */ = {isa = PBXFileReference; fileEncoding = 4; lastKnownFileType = sourcecode.c.objc; path = SWRevealViewController.m; sourceTree = "<group>"; };
		C4CBD21F210027E700085A22 /* ChatVC.swift */ = {isa = PBXFileReference; lastKnownFileType = sourcecode.swift; path = ChatVC.swift; sourceTree = "<group>"; };
		C4CBD221210027FA00085A22 /* ChannelVC.swift */ = {isa = PBXFileReference; lastKnownFileType = sourcecode.swift; path = ChannelVC.swift; sourceTree = "<group>"; };
		C4CBD22321012A6200085A22 /* GradientView.swift */ = {isa = PBXFileReference; lastKnownFileType = sourcecode.swift; path = GradientView.swift; sourceTree = "<group>"; };
/* End PBXFileReference section */

/* Begin PBXFrameworksBuildPhase section */
		C4CBD1FD2100021400085A22 /* Frameworks */ = {
			isa = PBXFrameworksBuildPhase;
			buildActionMask = 2147483647;
			files = (
				3DEAE8E9F1C7E89FF9142566 /* Pods_smack.framework in Frameworks */,
			);
			runOnlyForDeploymentPostprocessing = 0;
		};
/* End PBXFrameworksBuildPhase section */

/* Begin PBXGroup section */
		6D7E20CEA282BDEB92FC40FB /* Frameworks */ = {
			isa = PBXGroup;
			children = (
				952A25FB84F5D734BF986369 /* Pods_smack.framework */,
			);
			name = Frameworks;
			sourceTree = "<group>";
		};
		93FB68FF7C07C87E9BD83B40 /* Pods */ = {
			isa = PBXGroup;
			children = (
				B7D5D450A852856080ECC924 /* Pods-smack.debug.xcconfig */,
				87C482B2A5E7A0E73EBC024A /* Pods-smack.release.xcconfig */,
			);
			name = Pods;
			sourceTree = "<group>";
		};
		C418E48321027997003910DC /* Utilities */ = {
			isa = PBXGroup;
			children = (
				C418E484210279A9003910DC /* Constants.swift */,
			);
			path = Utilities;
			sourceTree = "<group>";
		};
		C418E48D210363F3003910DC /* Services */ = {
			isa = PBXGroup;
			children = (
				C418E48E21036407003910DC /* AuthService.swift */,
				C41BA73021068EF000F42639 /* UserDataService.swift */,
			);
			path = Services;
			sourceTree = "<group>";
		};
		C4CBD1F72100021400085A22 = {
			isa = PBXGroup;
			children = (
				C4CBD2022100021400085A22 /* smack */,
				C4CBD2012100021400085A22 /* Products */,
				93FB68FF7C07C87E9BD83B40 /* Pods */,
				6D7E20CEA282BDEB92FC40FB /* Frameworks */,
			);
			sourceTree = "<group>";
		};
		C4CBD2012100021400085A22 /* Products */ = {
			isa = PBXGroup;
			children = (
				C4CBD2002100021400085A22 /* smack.app */,
			);
			name = Products;
			sourceTree = "<group>";
		};
		C4CBD2022100021400085A22 /* smack */ = {
			isa = PBXGroup;
			children = (
				C418E48D210363F3003910DC /* Services */,
				C418E48321027997003910DC /* Utilities */,
				C4CBD21E210027D500085A22 /* Controller */,
				C4CBD21D210027C200085A22 /* View */,
				C4CBD21C210027BB00085A22 /* Model */,
				C4CBD216210011DC00085A22 /* Supporting Files */,
				C4CBD2032100021400085A22 /* AppDelegate.swift */,
				C4CBD2072100021400085A22 /* Main.storyboard */,
				C4CBD20A2100021600085A22 /* Assets.xcassets */,
				C4CBD20C2100021600085A22 /* LaunchScreen.storyboard */,
				C4CBD20F2100021600085A22 /* Info.plist */,
			);
			path = smack;
			sourceTree = "<group>";
		};
		C4CBD216210011DC00085A22 /* Supporting Files */ = {
			isa = PBXGroup;
			children = (
				C4CBD2182100122100085A22 /* SWRevealViewController.h */,
				C4CBD2192100122200085A22 /* SWRevealViewController.m */,
				C4CBD2172100122000085A22 /* smack-Bridging-Header.h */,
			);
			path = "Supporting Files";
			sourceTree = "<group>";
		};
		C4CBD21C210027BB00085A22 /* Model */ = {
			isa = PBXGroup;
			children = (
			);
			path = Model;
			sourceTree = "<group>";
		};
		C4CBD21D210027C200085A22 /* View */ = {
			isa = PBXGroup;
			children = (
				C4CBD22321012A6200085A22 /* GradientView.swift */,
				C418E490210370E0003910DC /* RoundedButton.swift */,
			);
			path = View;
			sourceTree = "<group>";
		};
		C4CBD21E210027D500085A22 /* Controller */ = {
			isa = PBXGroup;
			children = (
				C4CBD21F210027E700085A22 /* ChatVC.swift */,
				C4CBD221210027FA00085A22 /* ChannelVC.swift */,
				C418E48621027DA6003910DC /* LoginVC.swift */,
				C418E4882102830E003910DC /* CreateAccountVC.swift */,
			);
			path = Controller;
			sourceTree = "<group>";
		};
/* End PBXGroup section */

/* Begin PBXNativeTarget section */
		C4CBD1FF2100021400085A22 /* smack */ = {
			isa = PBXNativeTarget;
			buildConfigurationList = C4CBD2122100021600085A22 /* Build configuration list for PBXNativeTarget "smack" */;
			buildPhases = (
				2CB1DEC70460C82CF9A3F45C /* [CP] Check Pods Manifest.lock */,
				C4CBD1FC2100021400085A22 /* Sources */,
				C4CBD1FD2100021400085A22 /* Frameworks */,
				C4CBD1FE2100021400085A22 /* Resources */,
				C4CBD2152100056C00085A22 /* ShellScript */,
				E7C2B8EEF18CE68D850FBCDF /* [CP] Embed Pods Frameworks */,
			);
			buildRules = (
			);
			dependencies = (
			);
			name = smack;
			productName = smack;
			productReference = C4CBD2002100021400085A22 /* smack.app */;
			productType = "com.apple.product-type.application";
		};
/* End PBXNativeTarget section */

/* Begin PBXProject section */
		C4CBD1F82100021400085A22 /* Project object */ = {
			isa = PBXProject;
			attributes = {
				LastSwiftUpdateCheck = 0940;
				LastUpgradeCheck = 0940;
				ORGANIZATIONNAME = "Adolfo Frias";
				TargetAttributes = {
					C4CBD1FF2100021400085A22 = {
						CreatedOnToolsVersion = 9.4.1;
						LastSwiftMigration = 0940;
					};
				};
			};
			buildConfigurationList = C4CBD1FB2100021400085A22 /* Build configuration list for PBXProject "smack" */;
			compatibilityVersion = "Xcode 9.3";
			developmentRegion = en;
			hasScannedForEncodings = 0;
			knownRegions = (
				en,
				Base,
			);
			mainGroup = C4CBD1F72100021400085A22;
			productRefGroup = C4CBD2012100021400085A22 /* Products */;
			projectDirPath = "";
			projectRoot = "";
			targets = (
				C4CBD1FF2100021400085A22 /* smack */,
			);
		};
/* End PBXProject section */

/* Begin PBXResourcesBuildPhase section */
		C4CBD1FE2100021400085A22 /* Resources */ = {
			isa = PBXResourcesBuildPhase;
			buildActionMask = 2147483647;
			files = (
				C4CBD20E2100021600085A22 /* LaunchScreen.storyboard in Resources */,
				C4CBD20B2100021600085A22 /* Assets.xcassets in Resources */,
				C4CBD2092100021400085A22 /* Main.storyboard in Resources */,
			);
			runOnlyForDeploymentPostprocessing = 0;
		};
/* End PBXResourcesBuildPhase section */

/* Begin PBXShellScriptBuildPhase section */
		2CB1DEC70460C82CF9A3F45C /* [CP] Check Pods Manifest.lock */ = {
			isa = PBXShellScriptBuildPhase;
			buildActionMask = 2147483647;
			files = (
			);
			inputPaths = (
				"${PODS_PODFILE_DIR_PATH}/Podfile.lock",
				"${PODS_ROOT}/Manifest.lock",
			);
			name = "[CP] Check Pods Manifest.lock";
			outputPaths = (
				"$(DERIVED_FILE_DIR)/Pods-smack-checkManifestLockResult.txt",
			);
			runOnlyForDeploymentPostprocessing = 0;
			shellPath = /bin/sh;
			shellScript = "diff \"${PODS_PODFILE_DIR_PATH}/Podfile.lock\" \"${PODS_ROOT}/Manifest.lock\" > /dev/null\nif [ $? != 0 ] ; then\n    # print error to STDERR\n    echo \"error: The sandbox is not in sync with the Podfile.lock. Run 'pod install' or update your CocoaPods installation.\" >&2\n    exit 1\nfi\n# This output is used by Xcode 'outputs' to avoid re-running this script phase.\necho \"SUCCESS\" > \"${SCRIPT_OUTPUT_FILE_0}\"\n";
			showEnvVarsInLog = 0;
		};
		C4CBD2152100056C00085A22 /* ShellScript */ = {
			isa = PBXShellScriptBuildPhase;
			buildActionMask = 2147483647;
			files = (
			);
			inputPaths = (
			);
			outputPaths = (
			);
			runOnlyForDeploymentPostprocessing = 0;
			shellPath = /bin/sh;
			shellScript = "PLIST=\"${PROJECT_DIR}/${INFOPLIST_FILE}\"\nPLB=/usr/libexec/PlistBuddy\nLAST_NUMBER=$($PLB -c \"Print CFBundleVersion\" \"$PLIST\")\nNEW_VERSION=$(($LAST_NUMBER + 1))\n$PLB -c \"Set :CFBundleVersion $NEW_VERSION\" \"$PLIST\"";
		};
		E7C2B8EEF18CE68D850FBCDF /* [CP] Embed Pods Frameworks */ = {
			isa = PBXShellScriptBuildPhase;
			buildActionMask = 2147483647;
			files = (
			);
			inputPaths = (
				"${SRCROOT}/Pods/Target Support Files/Pods-smack/Pods-smack-frameworks.sh",
				"${BUILT_PRODUCTS_DIR}/Alamofire/Alamofire.framework",
				"${BUILT_PRODUCTS_DIR}/Socket.IO-Client-Swift/SocketIO.framework",
				"${BUILT_PRODUCTS_DIR}/StarscreamSocketIO/StarscreamSocketIO.framework",
				"${BUILT_PRODUCTS_DIR}/SwiftyJSON/SwiftyJSON.framework",
			);
			name = "[CP] Embed Pods Frameworks";
			outputPaths = (
				"${TARGET_BUILD_DIR}/${FRAMEWORKS_FOLDER_PATH}/Alamofire.framework",
				"${TARGET_BUILD_DIR}/${FRAMEWORKS_FOLDER_PATH}/SocketIO.framework",
				"${TARGET_BUILD_DIR}/${FRAMEWORKS_FOLDER_PATH}/StarscreamSocketIO.framework",
				"${TARGET_BUILD_DIR}/${FRAMEWORKS_FOLDER_PATH}/SwiftyJSON.framework",
			);
			runOnlyForDeploymentPostprocessing = 0;
			shellPath = /bin/sh;
			shellScript = "\"${SRCROOT}/Pods/Target Support Files/Pods-smack/Pods-smack-frameworks.sh\"\n";
			showEnvVarsInLog = 0;
		};
/* End PBXShellScriptBuildPhase section */

/* Begin PBXSourcesBuildPhase section */
		C4CBD1FC2100021400085A22 /* Sources */ = {
			isa = PBXSourcesBuildPhase;
			buildActionMask = 2147483647;
			files = (
				C4CBD222210027FA00085A22 /* ChannelVC.swift in Sources */,
				C418E491210370E0003910DC /* RoundedButton.swift in Sources */,
				C4CBD220210027E700085A22 /* ChatVC.swift in Sources */,
				C41BA73121068EF000F42639 /* UserDataService.swift in Sources */,
				C418E4892102830E003910DC /* CreateAccountVC.swift in Sources */,
				C418E48F21036407003910DC /* AuthService.swift in Sources */,
				C418E48721027DA6003910DC /* LoginVC.swift in Sources */,
				C4CBD22421012A6200085A22 /* GradientView.swift in Sources */,
				C4CBD2042100021400085A22 /* AppDelegate.swift in Sources */,
				C4CBD21A2100122200085A22 /* SWRevealViewController.m in Sources */,
				C418E485210279A9003910DC /* Constants.swift in Sources */,
			);
			runOnlyForDeploymentPostprocessing = 0;
		};
/* End PBXSourcesBuildPhase section */

/* Begin PBXVariantGroup section */
		C4CBD2072100021400085A22 /* Main.storyboard */ = {
			isa = PBXVariantGroup;
			children = (
				C4CBD2082100021400085A22 /* Base */,
			);
			name = Main.storyboard;
			sourceTree = "<group>";
		};
		C4CBD20C2100021600085A22 /* LaunchScreen.storyboard */ = {
			isa = PBXVariantGroup;
			children = (
				C4CBD20D2100021600085A22 /* Base */,
			);
			name = LaunchScreen.storyboard;
			sourceTree = "<group>";
		};
/* End PBXVariantGroup section */

/* Begin XCBuildConfiguration section */
		C4CBD2102100021600085A22 /* Debug */ = {
			isa = XCBuildConfiguration;
			buildSettings = {
				ALWAYS_SEARCH_USER_PATHS = NO;
				CLANG_ANALYZER_NONNULL = YES;
				CLANG_ANALYZER_NUMBER_OBJECT_CONVERSION = YES_AGGRESSIVE;
				CLANG_CXX_LANGUAGE_STANDARD = "gnu++14";
				CLANG_CXX_LIBRARY = "libc++";
				CLANG_ENABLE_MODULES = YES;
				CLANG_ENABLE_OBJC_ARC = YES;
				CLANG_ENABLE_OBJC_WEAK = YES;
				CLANG_WARN_BLOCK_CAPTURE_AUTORELEASING = YES;
				CLANG_WARN_BOOL_CONVERSION = YES;
				CLANG_WARN_COMMA = YES;
				CLANG_WARN_CONSTANT_CONVERSION = YES;
				CLANG_WARN_DEPRECATED_OBJC_IMPLEMENTATIONS = YES;
				CLANG_WARN_DIRECT_OBJC_ISA_USAGE = YES_ERROR;
				CLANG_WARN_DOCUMENTATION_COMMENTS = YES;
				CLANG_WARN_EMPTY_BODY = YES;
				CLANG_WARN_ENUM_CONVERSION = YES;
				CLANG_WARN_INFINITE_RECURSION = YES;
				CLANG_WARN_INT_CONVERSION = YES;
				CLANG_WARN_NON_LITERAL_NULL_CONVERSION = YES;
				CLANG_WARN_OBJC_IMPLICIT_RETAIN_SELF = YES;
				CLANG_WARN_OBJC_LITERAL_CONVERSION = YES;
				CLANG_WARN_OBJC_ROOT_CLASS = YES_ERROR;
				CLANG_WARN_RANGE_LOOP_ANALYSIS = YES;
				CLANG_WARN_STRICT_PROTOTYPES = YES;
				CLANG_WARN_SUSPICIOUS_MOVE = YES;
				CLANG_WARN_UNGUARDED_AVAILABILITY = YES_AGGRESSIVE;
				CLANG_WARN_UNREACHABLE_CODE = YES;
				CLANG_WARN__DUPLICATE_METHOD_MATCH = YES;
				CODE_SIGN_IDENTITY = "iPhone Developer";
				COPY_PHASE_STRIP = NO;
				DEBUG_INFORMATION_FORMAT = dwarf;
				ENABLE_STRICT_OBJC_MSGSEND = YES;
				ENABLE_TESTABILITY = YES;
				GCC_C_LANGUAGE_STANDARD = gnu11;
				GCC_DYNAMIC_NO_PIC = NO;
				GCC_NO_COMMON_BLOCKS = YES;
				GCC_OPTIMIZATION_LEVEL = 0;
				GCC_PREPROCESSOR_DEFINITIONS = (
					"DEBUG=1",
					"$(inherited)",
				);
				GCC_WARN_64_TO_32_BIT_CONVERSION = YES;
				GCC_WARN_ABOUT_RETURN_TYPE = YES_ERROR;
				GCC_WARN_UNDECLARED_SELECTOR = YES;
				GCC_WARN_UNINITIALIZED_AUTOS = YES_AGGRESSIVE;
				GCC_WARN_UNUSED_FUNCTION = YES;
				GCC_WARN_UNUSED_VARIABLE = YES;
				IPHONEOS_DEPLOYMENT_TARGET = 11.4;
				MTL_ENABLE_DEBUG_INFO = YES;
				ONLY_ACTIVE_ARCH = YES;
				SDKROOT = iphoneos;
				SWIFT_ACTIVE_COMPILATION_CONDITIONS = DEBUG;
				SWIFT_OPTIMIZATION_LEVEL = "-Onone";
			};
			name = Debug;
		};
		C4CBD2112100021600085A22 /* Release */ = {
			isa = XCBuildConfiguration;
			buildSettings = {
				ALWAYS_SEARCH_USER_PATHS = NO;
				CLANG_ANALYZER_NONNULL = YES;
				CLANG_ANALYZER_NUMBER_OBJECT_CONVERSION = YES_AGGRESSIVE;
				CLANG_CXX_LANGUAGE_STANDARD = "gnu++14";
				CLANG_CXX_LIBRARY = "libc++";
				CLANG_ENABLE_MODULES = YES;
				CLANG_ENABLE_OBJC_ARC = YES;
				CLANG_ENABLE_OBJC_WEAK = YES;
				CLANG_WARN_BLOCK_CAPTURE_AUTORELEASING = YES;
				CLANG_WARN_BOOL_CONVERSION = YES;
				CLANG_WARN_COMMA = YES;
				CLANG_WARN_CONSTANT_CONVERSION = YES;
				CLANG_WARN_DEPRECATED_OBJC_IMPLEMENTATIONS = YES;
				CLANG_WARN_DIRECT_OBJC_ISA_USAGE = YES_ERROR;
				CLANG_WARN_DOCUMENTATION_COMMENTS = YES;
				CLANG_WARN_EMPTY_BODY = YES;
				CLANG_WARN_ENUM_CONVERSION = YES;
				CLANG_WARN_INFINITE_RECURSION = YES;
				CLANG_WARN_INT_CONVERSION = YES;
				CLANG_WARN_NON_LITERAL_NULL_CONVERSION = YES;
				CLANG_WARN_OBJC_IMPLICIT_RETAIN_SELF = YES;
				CLANG_WARN_OBJC_LITERAL_CONVERSION = YES;
				CLANG_WARN_OBJC_ROOT_CLASS = YES_ERROR;
				CLANG_WARN_RANGE_LOOP_ANALYSIS = YES;
				CLANG_WARN_STRICT_PROTOTYPES = YES;
				CLANG_WARN_SUSPICIOUS_MOVE = YES;
				CLANG_WARN_UNGUARDED_AVAILABILITY = YES_AGGRESSIVE;
				CLANG_WARN_UNREACHABLE_CODE = YES;
				CLANG_WARN__DUPLICATE_METHOD_MATCH = YES;
				CODE_SIGN_IDENTITY = "iPhone Developer";
				COPY_PHASE_STRIP = NO;
				DEBUG_INFORMATION_FORMAT = "dwarf-with-dsym";
				ENABLE_NS_ASSERTIONS = NO;
				ENABLE_STRICT_OBJC_MSGSEND = YES;
				GCC_C_LANGUAGE_STANDARD = gnu11;
				GCC_NO_COMMON_BLOCKS = YES;
				GCC_WARN_64_TO_32_BIT_CONVERSION = YES;
				GCC_WARN_ABOUT_RETURN_TYPE = YES_ERROR;
				GCC_WARN_UNDECLARED_SELECTOR = YES;
				GCC_WARN_UNINITIALIZED_AUTOS = YES_AGGRESSIVE;
				GCC_WARN_UNUSED_FUNCTION = YES;
				GCC_WARN_UNUSED_VARIABLE = YES;
				IPHONEOS_DEPLOYMENT_TARGET = 11.4;
				MTL_ENABLE_DEBUG_INFO = NO;
				SDKROOT = iphoneos;
				SWIFT_COMPILATION_MODE = wholemodule;
				SWIFT_OPTIMIZATION_LEVEL = "-O";
				VALIDATE_PRODUCT = YES;
			};
			name = Release;
		};
		C4CBD2132100021600085A22 /* Debug */ = {
			isa = XCBuildConfiguration;
			baseConfigurationReference = B7D5D450A852856080ECC924 /* Pods-smack.debug.xcconfig */;
			buildSettings = {
				ASSETCATALOG_COMPILER_APPICON_NAME = AppIcon;
				CLANG_ENABLE_MODULES = YES;
				CODE_SIGN_STYLE = Automatic;
				DEVELOPMENT_TEAM = 2A7K7PNKWR;
				INFOPLIST_FILE = smack/Info.plist;
				LD_RUNPATH_SEARCH_PATHS = (
					"$(inherited)",
					"@executable_path/Frameworks",
				);
				PRODUCT_BUNDLE_IDENTIFIER = me.greyhaven.smack;
				PRODUCT_NAME = "$(TARGET_NAME)";
				SWIFT_OBJC_BRIDGING_HEADER = "smack/Supporting Files/smack-Bridging-Header.h";
				SWIFT_OPTIMIZATION_LEVEL = "-Onone";
				SWIFT_VERSION = 4.0;
				TARGETED_DEVICE_FAMILY = "1,2";
			};
			name = Debug;
		};
		C4CBD2142100021600085A22 /* Release */ = {
			isa = XCBuildConfiguration;
			baseConfigurationReference = 87C482B2A5E7A0E73EBC024A /* Pods-smack.release.xcconfig */;
			buildSettings = {
				ASSETCATALOG_COMPILER_APPICON_NAME = AppIcon;
				CLANG_ENABLE_MODULES = YES;
				CODE_SIGN_STYLE = Automatic;
				DEVELOPMENT_TEAM = 2A7K7PNKWR;
				INFOPLIST_FILE = smack/Info.plist;
				LD_RUNPATH_SEARCH_PATHS = (
					"$(inherited)",
					"@executable_path/Frameworks",
				);
				PRODUCT_BUNDLE_IDENTIFIER = me.greyhaven.smack;
				PRODUCT_NAME = "$(TARGET_NAME)";
				SWIFT_OBJC_BRIDGING_HEADER = "smack/Supporting Files/smack-Bridging-Header.h";
				SWIFT_VERSION = 4.0;
				TARGETED_DEVICE_FAMILY = "1,2";
			};
			name = Release;
		};
/* End XCBuildConfiguration section */

/* Begin XCConfigurationList section */
		C4CBD1FB2100021400085A22 /* Build configuration list for PBXProject "smack" */ = {
			isa = XCConfigurationList;
			buildConfigurations = (
				C4CBD2102100021600085A22 /* Debug */,
				C4CBD2112100021600085A22 /* Release */,
			);
			defaultConfigurationIsVisible = 0;
			defaultConfigurationName = Release;
		};
		C4CBD2122100021600085A22 /* Build configuration list for PBXNativeTarget "smack" */ = {
			isa = XCConfigurationList;
			buildConfigurations = (
				C4CBD2132100021600085A22 /* Debug */,
				C4CBD2142100021600085A22 /* Release */,
			);
			defaultConfigurationIsVisible = 0;
			defaultConfigurationName = Release;
		};
/* End XCConfigurationList section */
	};
	rootObject = C4CBD1F82100021400085A22 /* Project object */;
}
